
Microsoft Visual Studio Solution File, Format Version 12.00
# Visual Studio Version 17
VisualStudioVersion = 17.0.31903.59
MinimumVisualStudioVersion = 10.0.40219.1
Project("{2150E333-8FDC-42A3-9474-1A3956D46DE8}") = "src", "src", "{827E0CD3-B72D-47B6-A68D-7590B98EB39B}"
EndProject
Project("{FAE04EC0-301F-11D3-BF4B-00C04F79EFBC}") = "YearbookViewer", "src\YearbookViewer\YearbookViewer.csproj", "{2DEA5674-1D06-41AB-A2EA-5339743C96B5}"
EndProject
Project("{2150E333-8FDC-42A3-9474-1A3956D46DE8}") = "tools", "tools", "{07C2787E-EAC7-C090-1BA3-A61EC2A24D84}"
EndProject
Project("{FAE04EC0-301F-11D3-BF4B-00C04F79EFBC}") = "YearbookDownloader", "tools\YearbookDownloader\YearbookDownloader.csproj", "{53408431-58BC-4959-AFA3-D781597EE0E3}"
EndProject
Project("{FAE04EC0-301F-11D3-BF4B-00C04F79EFBC}") = "ThumbnailGenerator", "tools\ThumbnailGenerator\ThumbnailGenerator.csproj", "{0A78F384-47DC-4F0D-9CC7-37B8C2CB3CE7}"
EndProject
Project("{FAE04EC0-301F-11D3-BF4B-00C04F79EFBC}") = "YearbookOcr", "tools\YearbookOcr\YearbookOcr.csproj", "{B9C148C9-AD20-46A9-B054-FC5B41175EF9}"
EndProject
Global
	GlobalSection(SolutionConfigurationPlatforms) = preSolution
		Debug|Any CPU = Debug|Any CPU
		Debug|x64 = Debug|x64
		Debug|x86 = Debug|x86
		Release|Any CPU = Release|Any CPU
		Release|x64 = Release|x64
		Release|x86 = Release|x86
	EndGlobalSection
	GlobalSection(ProjectConfigurationPlatforms) = postSolution
		{2DEA5674-1D06-41AB-A2EA-5339743C96B5}.Debug|Any CPU.ActiveCfg = Debug|Any CPU
		{2DEA5674-1D06-41AB-A2EA-5339743C96B5}.Debug|Any CPU.Build.0 = Debug|Any CPU
		{2DEA5674-1D06-41AB-A2EA-5339743C96B5}.Debug|x64.ActiveCfg = Debug|Any CPU
		{2DEA5674-1D06-41AB-A2EA-5339743C96B5}.Debug|x64.Build.0 = Debug|Any CPU
		{2DEA5674-1D06-41AB-A2EA-5339743C96B5}.Debug|x86.ActiveCfg = Debug|Any CPU
		{2DEA5674-1D06-41AB-A2EA-5339743C96B5}.Debug|x86.Build.0 = Debug|Any CPU
		{2DEA5674-1D06-41AB-A2EA-5339743C96B5}.Release|Any CPU.ActiveCfg = Release|Any CPU
		{2DEA5674-1D06-41AB-A2EA-5339743C96B5}.Release|Any CPU.Build.0 = Release|Any CPU
		{2DEA5674-1D06-41AB-A2EA-5339743C96B5}.Release|x64.ActiveCfg = Release|Any CPU
		{2DEA5674-1D06-41AB-A2EA-5339743C96B5}.Release|x64.Build.0 = Release|Any CPU
		{2DEA5674-1D06-41AB-A2EA-5339743C96B5}.Release|x86.ActiveCfg = Release|Any CPU
		{2DEA5674-1D06-41AB-A2EA-5339743C96B5}.Release|x86.Build.0 = Release|Any CPU
		{53408431-58BC-4959-AFA3-D781597EE0E3}.Debug|Any CPU.ActiveCfg = Debug|Any CPU
		{53408431-58BC-4959-AFA3-D781597EE0E3}.Debug|Any CPU.Build.0 = Debug|Any CPU
		{53408431-58BC-4959-AFA3-D781597EE0E3}.Debug|x64.ActiveCfg = Debug|Any CPU
		{53408431-58BC-4959-AFA3-D781597EE0E3}.Debug|x64.Build.0 = Debug|Any CPU
		{53408431-58BC-4959-AFA3-D781597EE0E3}.Debug|x86.ActiveCfg = Debug|Any CPU
		{53408431-58BC-4959-AFA3-D781597EE0E3}.Debug|x86.Build.0 = Debug|Any CPU
		{53408431-58BC-4959-AFA3-D781597EE0E3}.Release|Any CPU.ActiveCfg = Release|Any CPU
		{53408431-58BC-4959-AFA3-D781597EE0E3}.Release|Any CPU.Build.0 = Release|Any CPU
		{53408431-58BC-4959-AFA3-D781597EE0E3}.Release|x64.ActiveCfg = Release|Any CPU
		{53408431-58BC-4959-AFA3-D781597EE0E3}.Release|x64.Build.0 = Release|Any CPU
		{53408431-58BC-4959-AFA3-D781597EE0E3}.Release|x86.ActiveCfg = Release|Any CPU
		{53408431-58BC-4959-AFA3-D781597EE0E3}.Release|x86.Build.0 = Release|Any CPU
		{0A78F384-47DC-4F0D-9CC7-37B8C2CB3CE7}.Debug|Any CPU.ActiveCfg = Debug|Any CPU
		{0A78F384-47DC-4F0D-9CC7-37B8C2CB3CE7}.Debug|Any CPU.Build.0 = Debug|Any CPU
		{0A78F384-47DC-4F0D-9CC7-37B8C2CB3CE7}.Debug|x64.ActiveCfg = Debug|Any CPU
		{0A78F384-47DC-4F0D-9CC7-37B8C2CB3CE7}.Debug|x64.Build.0 = Debug|Any CPU
		{0A78F384-47DC-4F0D-9CC7-37B8C2CB3CE7}.Debug|x86.ActiveCfg = Debug|Any CPU
		{0A78F384-47DC-4F0D-9CC7-37B8C2CB3CE7}.Debug|x86.Build.0 = Debug|Any CPU
		{0A78F384-47DC-4F0D-9CC7-37B8C2CB3CE7}.Release|Any CPU.ActiveCfg = Release|Any CPU
		{0A78F384-47DC-4F0D-9CC7-37B8C2CB3CE7}.Release|Any CPU.Build.0 = Release|Any CPU
		{0A78F384-47DC-4F0D-9CC7-37B8C2CB3CE7}.Release|x64.ActiveCfg = Release|Any CPU
		{0A78F384-47DC-4F0D-9CC7-37B8C2CB3CE7}.Release|x64.Build.0 = Release|Any CPU
		{0A78F384-47DC-4F0D-9CC7-37B8C2CB3CE7}.Release|x86.ActiveCfg = Release|Any CPU
		{0A78F384-47DC-4F0D-9CC7-37B8C2CB3CE7}.Release|x86.Build.0 = Release|Any CPU
		{B9C148C9-AD20-46A9-B054-FC5B41175EF9}.Debug|Any CPU.ActiveCfg = Debug|Any CPU
		{B9C148C9-AD20-46A9-B054-FC5B41175EF9}.Debug|Any CPU.Build.0 = Debug|Any CPU
		{B9C148C9-AD20-46A9-B054-FC5B41175EF9}.Debug|x64.ActiveCfg = Debug|Any CPU
		{B9C148C9-AD20-46A9-B054-FC5B41175EF9}.Debug|x64.Build.0 = Debug|Any CPU
		{B9C148C9-AD20-46A9-B054-FC5B41175EF9}.Debug|x86.ActiveCfg = Debug|Any CPU
		{B9C148C9-AD20-46A9-B054-FC5B41175EF9}.Debug|x86.Build.0 = Debug|Any CPU
		{B9C148C9-AD20-46A9-B054-FC5B41175EF9}.Release|Any CPU.ActiveCfg = Release|Any CPU
		{B9C148C9-AD20-46A9-B054-FC5B41175EF9}.Release|Any CPU.Build.0 = Release|Any CPU
		{B9C148C9-AD20-46A9-B054-FC5B41175EF9}.Release|x64.ActiveCfg = Release|Any CPU
		{B9C148C9-AD20-46A9-B054-FC5B41175EF9}.Release|x64.Build.0 = Release|Any CPU
		{B9C148C9-AD20-46A9-B054-FC5B41175EF9}.Release|x86.ActiveCfg = Release|Any CPU
		{B9C148C9-AD20-46A9-B054-FC5B41175EF9}.Release|x86.Build.0 = Release|Any CPU
	EndGlobalSection
	GlobalSection(SolutionProperties) = preSolution
		HideSolutionNode = FALSE
	EndGlobalSection
	GlobalSection(NestedProjects) = preSolution
		{2DEA5674-1D06-41AB-A2EA-5339743C96B5} = {827E0CD3-B72D-47B6-A68D-7590B98EB39B}
		{53408431-58BC-4959-AFA3-D781597EE0E3} = {07C2787E-EAC7-C090-1BA3-A61EC2A24D84}
		{0A78F384-47DC-4F0D-9CC7-37B8C2CB3CE7} = {07C2787E-EAC7-C090-1BA3-A61EC2A24D84}
		{B9C148C9-AD20-46A9-B054-FC5B41175EF9} = {07C2787E-EAC7-C090-1BA3-A61EC2A24D84}
	EndGlobalSection
EndGlobal
